
Microsoft Visual Studio Solution File, Format Version 12.00
# Visual Studio Version 17
VisualStudioVersion = 17.5.33502.453
MinimumVisualStudioVersion = 10.0.40219.1
Project("{FAE04EC0-301F-11D3-BF4B-00C04F79EFBC}") = "Serilal", "Serilal.csproj", "{DA896C6E-F732-4006-9DBF-11E704560AE1}"
EndProject
Global
	GlobalSection(SolutionConfigurationPlatforms) = preSolution
		Debug|Any CPU = Debug|Any CPU
		Release|Any CPU = Release|Any CPU
	EndGlobalSection
	GlobalSection(ProjectConfigurationPlatforms) = postSolution
		{DA896C6E-F732-4006-9DBF-11E704560AE1}.Debug|Any CPU.ActiveCfg = Debug|Any CPU
		{DA896C6E-F732-4006-9DBF-11E704560AE1}.Debug|Any CPU.Build.0 = Debug|Any CPU
		{DA896C6E-F732-4006-9DBF-11E704560AE1}.Release|Any CPU.ActiveCfg = Release|Any CPU
		{DA896C6E-F732-4006-9DBF-11E704560AE1}.Release|Any CPU.Build.0 = Release|Any CPU
	EndGlobalSection
	GlobalSection(SolutionProperties) = preSolution
		HideSolutionNode = FALSE
	EndGlobalSection
	GlobalSection(ExtensibilityGlobals) = postSolution
		SolutionGuid = {586D3B9E-F8F3-4F0D-A24C-A8C093213894}
	EndGlobalSection
EndGlobal
